# THIS IS AN AUTOGENERATED FILE. DO NOT EDIT THIS FILE DIRECTLY.
# yarn lockfile v1


fg-loadcss@^3.1.0:
  version "3.1.0"
  resolved "https://registry.yarnpkg.com/fg-loadcss/-/fg-loadcss-3.1.0.tgz#f7f148dccf8a6899f846a974ed50539880158acb"
  integrity sha512-UgtXKza8nBUO6UWW4c+MOprRL4W5WbIkzPJafnw6y6f5jhA3FiSZkWz8eXeAeX+mC4A/qq0ByDLiAk6erNARaQ==
