# THIS IS AN AUTOGENERATED FILE. DO NOT EDIT THIS FILE DIRECTLY.
# yarn lockfile v1


"@babel/runtime@^7.7.4":
  version "7.12.5"
  resolved "https://registry.yarnpkg.com/@babel/runtime/-/runtime-7.12.5.tgz#410e7e487441e1b360c29be715d870d9b985882e"
  integrity sha512-plcc+hbExy3McchJCEQG3knOsuh3HH+Prx1P6cLIkET/0dLuQDEnrT+s27Axgc9bqfsmNUNHfscgMUdBpC9xfg==
  dependencies:
    regenerator-runtime "^0.13.4"

"@samuelmeuli/font-manager@^1.4.0":
  version "1.4.0"
  resolved "https://registry.yarnpkg.com/@samuelmeuli/font-manager/-/font-manager-1.4.0.tgz#8499a00f5e48850128669e0c0775ae3a081bc0be"
  integrity sha512-TaPoX4qA6ABrACiSI18lQOOKjvbLNrT+84UWfzwcguWQ4nT+sprOSRyt/RVXnt9fQp/wFQVC2NcHbzd+AkXffg==
  dependencies:
    "@babel/runtime" "^7.7.4"

classnames@^2.2.5:
  version "2.2.6"
  resolved "https://registry.yarnpkg.com/classnames/-/classnames-2.2.6.tgz#43935bffdd291f326dad0a205309b38d00f650ce"
  integrity sha512-JR/iSQOSt+LQIWwrwEzJ9uk0xfN3mTVYMwt1Ir5mUcSN6pU+V4zQFFaJsclJbPuAUQH+yfWef6tm7l1quW3C8Q==

fg-loadcss@^3.1.0:
  version "3.1.0"
  resolved "https://registry.yarnpkg.com/fg-loadcss/-/fg-loadcss-3.1.0.tgz#f7f148dccf8a6899f846a974ed50539880158acb"
  integrity sha512-UgtXKza8nBUO6UWW4c+MOprRL4W5WbIkzPJafnw6y6f5jhA3FiSZkWz8eXeAeX+mC4A/qq0ByDLiAk6erNARaQ==

font-picker-react@^3.5.2:
  version "3.5.2"
  resolved "https://registry.yarnpkg.com/font-picker-react/-/font-picker-react-3.5.2.tgz#6111fb37091d2ed210140c03fcebce0f6469cff3"
  integrity sha512-0JkWIDf2hi6JwnvjIiacLDhO+Sl38RQ4mUGhCWN+Hvj95XalVZ0Aq5zJs/Ybend4uk2yI9rd1QhRRF9RnfHqIQ==
  dependencies:
    "@samuelmeuli/font-manager" "^1.4.0"

"js-tokens@^3.0.0 || ^4.0.0":
  version "4.0.0"
  resolved "https://registry.yarnpkg.com/js-tokens/-/js-tokens-4.0.0.tgz#19203fb59991df98e3a287050d4647cdeaf32499"
  integrity sha512-RdJUflcE3cUzKiMqQgsCu06FPu9UdIJO0beYbPhHN4k6apgJtifcoCtT9bcxOpYBtpD2kCM6Sbzg4CausW/PKQ==

loose-envify@^1.4.0:
  version "1.4.0"
  resolved "https://registry.yarnpkg.com/loose-envify/-/loose-envify-1.4.0.tgz#71ee51fa7be4caec1a63839f7e682d8132d30caf"
  integrity sha512-lyuxPGr/Wfhrlem2CL/UcnUc1zcqKAImBDzukY7Y5F/yQiNdko6+fRLevlw1HgMySw7f611UIY408EtxRSoK3Q==
  dependencies:
    js-tokens "^3.0.0 || ^4.0.0"

object-assign@^4.1.1:
  version "4.1.1"
  resolved "https://registry.yarnpkg.com/object-assign/-/object-assign-4.1.1.tgz#2109adc7965887cfc05cbbd442cac8bfbb360863"
  integrity sha1-IQmtx5ZYh8/AXLvUQsrIv7s2CGM=

prop-types@^15.6.0:
  version "15.7.2"
  resolved "https://registry.yarnpkg.com/prop-types/-/prop-types-15.7.2.tgz#52c41e75b8c87e72b9d9360e0206b99dcbffa6c5"
  integrity sha512-8QQikdH7//R2vurIJSutZ1smHYTcLpRWEOlHnzcWHmBYrOGUysKwSsrC89BCiFj3CbrfJ/nXFdJepOVrY1GCHQ==
  dependencies:
    loose-envify "^1.4.0"
    object-assign "^4.1.1"
    react-is "^16.8.1"

react-draggable@^4.4.3:
  version "4.4.3"
  resolved "https://registry.yarnpkg.com/react-draggable/-/react-draggable-4.4.3.tgz#0727f2cae5813e36b0e4962bf11b2f9ef2b406f3"
  integrity sha512-jV4TE59MBuWm7gb6Ns3Q1mxX8Azffb7oTtDtBgFkxRvhDp38YAARmRplrj0+XGkhOJB5XziArX+4HUUABtyZ0w==
  dependencies:
    classnames "^2.2.5"
    prop-types "^15.6.0"

react-is@^16.8.1:
  version "16.13.1"
  resolved "https://registry.yarnpkg.com/react-is/-/react-is-16.13.1.tgz#789729a4dc36de2999dc156dd6c1d9c18cea56a4"
  integrity sha512-24e6ynE2H+OKt4kqsOvNd8kBpV65zoxbA4BVsEOB3ARVWQki/DHzaUoC5KuON/BiccDaCCTZBuOcfZs70kR8bQ==

regenerator-runtime@^0.13.4:
  version "0.13.7"
  resolved "https://registry.yarnpkg.com/regenerator-runtime/-/regenerator-runtime-0.13.7.tgz#cac2dacc8a1ea675feaabaeb8ae833898ae46f55"
  integrity sha512-a54FxoJDIr27pgf7IgeQGxmqUNYrcV338lf/6gH456HZ/PhX+5BcwHXG9ajESmwe6WRO0tAzRUrRmNONWgkrew==
